{
  "name": "nuuchahnulth",
  "version": "1.0.0",
  "lockfileVersion": 1,
  "requires": true,
  "dependencies": {
    "@digitallinguistics/transliterate": {
      "version": "0.1.4",
      "resolved": "https://registry.npmjs.org/@digitallinguistics/transliterate/-/transliterate-0.1.4.tgz",
      "integrity": "sha512-zpGCOmIvKaZnL9RJ9n/A/N4YQTnbkWox8Q6hK+EJpaObO5U/cuqUSO5eXMQDAwwJEF4xaqDruLVMKlrE0FBGqA==",
      "dev": true
    }
  }
}
